
Microsoft Visual Studio Solution File, Format Version 12.00
# Visual Studio 15
Project("{FAE04EC0-301F-11D3-BF4B-00C04F79EFBC}") = "Assembly-CSharp-Editor", "Assembly-CSharp-Editor.csproj", "{B4C9885F-39CF-19C1-6E97-651C315982F3}"
EndProject
Project("{FAE04EC0-301F-11D3-BF4B-00C04F79EFBC}") = "Assembly-CSharp", "Assembly-CSharp.csproj", "{7FD3A0C5-71A6-2C4A-4866-22E585648BBF}"
EndProject
Global
	GlobalSection(SolutionConfigurationPlatforms) = preSolution
		Debug|Any CPU = Debug|Any CPU
		Release|Any CPU = Release|Any CPU
	EndGlobalSection
	GlobalSection(ProjectConfigurationPlatforms) = postSolution
		{B4C9885F-39CF-19C1-6E97-651C315982F3}.Debug|Any CPU.ActiveCfg = Debug|Any CPU
		{B4C9885F-39CF-19C1-6E97-651C315982F3}.Debug|Any CPU.Build.0 = Debug|Any CPU
		{B4C9885F-39CF-19C1-6E97-651C315982F3}.Release|Any CPU.ActiveCfg = Release|Any CPU
		{B4C9885F-39CF-19C1-6E97-651C315982F3}.Release|Any CPU.Build.0 = Release|Any CPU
		{7FD3A0C5-71A6-2C4A-4866-22E585648BBF}.Debug|Any CPU.ActiveCfg = Debug|Any CPU
		{7FD3A0C5-71A6-2C4A-4866-22E585648BBF}.Debug|Any CPU.Build.0 = Debug|Any CPU
		{7FD3A0C5-71A6-2C4A-4866-22E585648BBF}.Release|Any CPU.ActiveCfg = Release|Any CPU
		{7FD3A0C5-71A6-2C4A-4866-22E585648BBF}.Release|Any CPU.Build.0 = Release|Any CPU
	EndGlobalSection
	GlobalSection(SolutionProperties) = preSolution
		HideSolutionNode = FALSE
	EndGlobalSection
EndGlobal
